
Microsoft Visual Studio Solution File, Format Version 12.00
# Visual Studio Version 17
VisualStudioVersion = 17.2.32210.308
MinimumVisualStudioVersion = 10.0.40219.1
Project("{FAE04EC0-301F-11D3-BF4B-00C04F79EFBC}") = "DiscordTTS", "DiscordTTS.csproj", "{A1447100-97ED-4C2F-B64E-98E6AC2FAE7D}"
EndProject
Global
	GlobalSection(SolutionConfigurationPlatforms) = preSolution
		Debug|Any CPU = Debug|Any CPU
		Release|Any CPU = Release|Any CPU
	EndGlobalSection
	GlobalSection(ProjectConfigurationPlatforms) = postSolution
		{A1447100-97ED-4C2F-B64E-98E6AC2FAE7D}.Debug|Any CPU.ActiveCfg = Debug|Any CPU
		{A1447100-97ED-4C2F-B64E-98E6AC2FAE7D}.Debug|Any CPU.Build.0 = Debug|Any CPU
		{A1447100-97ED-4C2F-B64E-98E6AC2FAE7D}.Release|Any CPU.ActiveCfg = Release|Any CPU
		{A1447100-97ED-4C2F-B64E-98E6AC2FAE7D}.Release|Any CPU.Build.0 = Release|Any CPU
	EndGlobalSection
	GlobalSection(SolutionProperties) = preSolution
		HideSolutionNode = FALSE
	EndGlobalSection
	GlobalSection(ExtensibilityGlobals) = postSolution
		SolutionGuid = {19A883AC-BB28-4A97-B5EE-4B8034639DB2}
	EndGlobalSection
EndGlobal
